
Microsoft Visual Studio Solution File, Format Version 12.00
# Visual Studio Version 16
VisualStudioVersion = 16.0.29025.244
MinimumVisualStudioVersion = 10.0.40219.1
Project("{FAE04EC0-301F-11D3-BF4B-00C04F79EFBC}") = "ClothBazaar.Web", "ClothBazaar.Web\ClothBazaar.Web.csproj", "{7F59C158-CD0A-4EAC-8BE2-17F30F10037C}"
EndProject
Project("{FAE04EC0-301F-11D3-BF4B-00C04F79EFBC}") = "ClothBazaar.Entities", "ClothBazaar.Entities\ClothBazaar.Entities.csproj", "{A3FF8945-96F0-4871-AD3E-978BEC0B1683}"
EndProject
Project("{FAE04EC0-301F-11D3-BF4B-00C04F79EFBC}") = "ClothBazaar.Database", "ClothBazaar.Database\ClothBazaar.Database.csproj", "{2DC6E558-C1DA-42FF-B08E-8418ED6F54D7}"
EndProject
Project("{FAE04EC0-301F-11D3-BF4B-00C04F79EFBC}") = "ClothBazaar.Services", "ClothBazaar.Services\ClothBazaar.Services.csproj", "{9DE4E736-9AC6-4C17-B452-2B1535E93667}"
EndProject
Global
	GlobalSection(SolutionConfigurationPlatforms) = preSolution
		Debug|Any CPU = Debug|Any CPU
		Release|Any CPU = Release|Any CPU
	EndGlobalSection
	GlobalSection(ProjectConfigurationPlatforms) = postSolution
		{7F59C158-CD0A-4EAC-8BE2-17F30F10037C}.Debug|Any CPU.ActiveCfg = Debug|Any CPU
		{7F59C158-CD0A-4EAC-8BE2-17F30F10037C}.Debug|Any CPU.Build.0 = Debug|Any CPU
		{7F59C158-CD0A-4EAC-8BE2-17F30F10037C}.Release|Any CPU.ActiveCfg = Release|Any CPU
		{7F59C158-CD0A-4EAC-8BE2-17F30F10037C}.Release|Any CPU.Build.0 = Release|Any CPU
		{A3FF8945-96F0-4871-AD3E-978BEC0B1683}.Debug|Any CPU.ActiveCfg = Debug|Any CPU
		{A3FF8945-96F0-4871-AD3E-978BEC0B1683}.Debug|Any CPU.Build.0 = Debug|Any CPU
		{A3FF8945-96F0-4871-AD3E-978BEC0B1683}.Release|Any CPU.ActiveCfg = Release|Any CPU
		{A3FF8945-96F0-4871-AD3E-978BEC0B1683}.Release|Any CPU.Build.0 = Release|Any CPU
		{2DC6E558-C1DA-42FF-B08E-8418ED6F54D7}.Debug|Any CPU.ActiveCfg = Debug|Any CPU
		{2DC6E558-C1DA-42FF-B08E-8418ED6F54D7}.Debug|Any CPU.Build.0 = Debug|Any CPU
		{2DC6E558-C1DA-42FF-B08E-8418ED6F54D7}.Release|Any CPU.ActiveCfg = Release|Any CPU
		{2DC6E558-C1DA-42FF-B08E-8418ED6F54D7}.Release|Any CPU.Build.0 = Release|Any CPU
		{9DE4E736-9AC6-4C17-B452-2B1535E93667}.Debug|Any CPU.ActiveCfg = Debug|Any CPU
		{9DE4E736-9AC6-4C17-B452-2B1535E93667}.Debug|Any CPU.Build.0 = Debug|Any CPU
		{9DE4E736-9AC6-4C17-B452-2B1535E93667}.Release|Any CPU.ActiveCfg = Release|Any CPU
		{9DE4E736-9AC6-4C17-B452-2B1535E93667}.Release|Any CPU.Build.0 = Release|Any CPU
	EndGlobalSection
	GlobalSection(SolutionProperties) = preSolution
		HideSolutionNode = FALSE
	EndGlobalSection
	GlobalSection(ExtensibilityGlobals) = postSolution
		SolutionGuid = {7B06E8A4-2B99-4058-AD59-A3D6B38CC9B3}
	EndGlobalSection
EndGlobal
